
Microsoft Visual Studio Solution File, Format Version 12.00
# Visual Studio 15
VisualStudioVersion = 15.0.28307.489
MinimumVisualStudioVersion = 10.0.40219.1
Project("{FAE04EC0-301F-11D3-BF4B-00C04F79EFBC}") = "Dockedit.APP", "Dockedit.APP\Dockedit.APP.csproj", "{97D1E3F7-A1E7-4535-AC19-29908199535D}"
EndProject
Global
	GlobalSection(SolutionConfigurationPlatforms) = preSolution
		Debug|Any CPU = Debug|Any CPU
		Release|Any CPU = Release|Any CPU
	EndGlobalSection
	GlobalSection(ProjectConfigurationPlatforms) = postSolution
		{97D1E3F7-A1E7-4535-AC19-29908199535D}.Debug|Any CPU.ActiveCfg = Debug|Any CPU
		{97D1E3F7-A1E7-4535-AC19-29908199535D}.Debug|Any CPU.Build.0 = Debug|Any CPU
		{97D1E3F7-A1E7-4535-AC19-29908199535D}.Release|Any CPU.ActiveCfg = Release|Any CPU
		{97D1E3F7-A1E7-4535-AC19-29908199535D}.Release|Any CPU.Build.0 = Release|Any CPU
	EndGlobalSection
	GlobalSection(SolutionProperties) = preSolution
		HideSolutionNode = FALSE
	EndGlobalSection
	GlobalSection(ExtensibilityGlobals) = postSolution
		SolutionGuid = {9DBF4423-B768-459E-8362-A2E7372A23A6}
	EndGlobalSection
EndGlobal
